
Microsoft Visual Studio Solution File, Format Version 12.00
# Visual Studio Version 17
VisualStudioVersion = 17.8.34316.72
MinimumVisualStudioVersion = 10.0.40219.1
Project("{FAE04EC0-301F-11D3-BF4B-00C04F79EFBC}") = "NeumorphismUISample", "NeumorphismUISample.csproj", "{D4FBE348-3774-4A09-ACFE-787B681368DF}"
EndProject
Global
	GlobalSection(SolutionConfigurationPlatforms) = preSolution
		Debug|Any CPU = Debug|Any CPU
		Release|Any CPU = Release|Any CPU
	EndGlobalSection
	GlobalSection(ProjectConfigurationPlatforms) = postSolution
		{D4FBE348-3774-4A09-ACFE-787B681368DF}.Debug|Any CPU.ActiveCfg = Debug|Any CPU
		{D4FBE348-3774-4A09-ACFE-787B681368DF}.Debug|Any CPU.Build.0 = Debug|Any CPU
		{D4FBE348-3774-4A09-ACFE-787B681368DF}.Debug|Any CPU.Deploy.0 = Debug|Any CPU
		{D4FBE348-3774-4A09-ACFE-787B681368DF}.Release|Any CPU.ActiveCfg = Release|Any CPU
		{D4FBE348-3774-4A09-ACFE-787B681368DF}.Release|Any CPU.Build.0 = Release|Any CPU
		{D4FBE348-3774-4A09-ACFE-787B681368DF}.Release|Any CPU.Deploy.0 = Release|Any CPU
	EndGlobalSection
	GlobalSection(SolutionProperties) = preSolution
		HideSolutionNode = FALSE
	EndGlobalSection
	GlobalSection(ExtensibilityGlobals) = postSolution
		SolutionGuid = {2A4BBFCF-3A87-42F3-BBB1-D00C6FD5C6CC}
	EndGlobalSection
EndGlobal
